
Microsoft Visual Studio Solution File, Format Version 12.00
# Visual Studio Version 17
VisualStudioVersion = 17.13.35931.197
MinimumVisualStudioVersion = 10.0.40219.1
Project("{FAE04EC0-301F-11D3-BF4B-00C04F79EFBC}") = "LoanSimulatorWebAPI", "LoanSimulatorWebAPI\LoanSimulatorWebAPI.csproj", "{E655EA82-F4C6-4211-839D-63512F33F970}"
EndProject
Project("{FAE04EC0-301F-11D3-BF4B-00C04F79EFBC}") = "Domain", "Domain\Domain.csproj", "{7AAE868A-F390-474C-B909-70DCF6E0F791}"
EndProject
Project("{FAE04EC0-301F-11D3-BF4B-00C04F79EFBC}") = "Infrastructure", "Infrastructure\Infrastructure.csproj", "{28DA5F59-21FB-4EC4-9BE8-C9EF46BF0F84}"
EndProject
Project("{FAE04EC0-301F-11D3-BF4B-00C04F79EFBC}") = "Application", "Application\Application.csproj", "{0AAC8DFB-170C-4C09-90FF-CB15A1F506BD}"
EndProject
Project("{2150E333-8FDC-42A3-9474-1A3956D46DE8}") = "Solution Items", "Solution Items", "{8EC462FD-D22E-90A8-E5CE-7E832BA40C5D}"
	ProjectSection(SolutionItems) = preProject
		Dockerfile = Dockerfile
	EndProjectSection
EndProject
Global
	GlobalSection(SolutionConfigurationPlatforms) = preSolution
		Debug|Any CPU = Debug|Any CPU
		Release|Any CPU = Release|Any CPU
	EndGlobalSection
	GlobalSection(ProjectConfigurationPlatforms) = postSolution
		{E655EA82-F4C6-4211-839D-63512F33F970}.Debug|Any CPU.ActiveCfg = Debug|Any CPU
		{E655EA82-F4C6-4211-839D-63512F33F970}.Debug|Any CPU.Build.0 = Debug|Any CPU
		{E655EA82-F4C6-4211-839D-63512F33F970}.Release|Any CPU.ActiveCfg = Release|Any CPU
		{E655EA82-F4C6-4211-839D-63512F33F970}.Release|Any CPU.Build.0 = Release|Any CPU
		{7AAE868A-F390-474C-B909-70DCF6E0F791}.Debug|Any CPU.ActiveCfg = Debug|Any CPU
		{7AAE868A-F390-474C-B909-70DCF6E0F791}.Debug|Any CPU.Build.0 = Debug|Any CPU
		{7AAE868A-F390-474C-B909-70DCF6E0F791}.Release|Any CPU.ActiveCfg = Release|Any CPU
		{7AAE868A-F390-474C-B909-70DCF6E0F791}.Release|Any CPU.Build.0 = Release|Any CPU
		{28DA5F59-21FB-4EC4-9BE8-C9EF46BF0F84}.Debug|Any CPU.ActiveCfg = Debug|Any CPU
		{28DA5F59-21FB-4EC4-9BE8-C9EF46BF0F84}.Debug|Any CPU.Build.0 = Debug|Any CPU
		{28DA5F59-21FB-4EC4-9BE8-C9EF46BF0F84}.Release|Any CPU.ActiveCfg = Release|Any CPU
		{28DA5F59-21FB-4EC4-9BE8-C9EF46BF0F84}.Release|Any CPU.Build.0 = Release|Any CPU
		{0AAC8DFB-170C-4C09-90FF-CB15A1F506BD}.Debug|Any CPU.ActiveCfg = Debug|Any CPU
		{0AAC8DFB-170C-4C09-90FF-CB15A1F506BD}.Debug|Any CPU.Build.0 = Debug|Any CPU
		{0AAC8DFB-170C-4C09-90FF-CB15A1F506BD}.Release|Any CPU.ActiveCfg = Release|Any CPU
		{0AAC8DFB-170C-4C09-90FF-CB15A1F506BD}.Release|Any CPU.Build.0 = Release|Any CPU
	EndGlobalSection
	GlobalSection(SolutionProperties) = preSolution
		HideSolutionNode = FALSE
	EndGlobalSection
	GlobalSection(ExtensibilityGlobals) = postSolution
		SolutionGuid = {0773C673-F184-4920-8B36-97BBE8E1FD51}
	EndGlobalSection
EndGlobal
